// !$*UTF8*$!
{
	archiveVersion = 1;
	classes = {
	};
	objectVersion = 45;
	objects = {

/* Begin PBXBuildFile section */
		1D3623260D0F684500981E51 /* MyWODLogAppDelegate.m in Sources */ = {isa = PBXBuildFile; fileRef = 1D3623250D0F684500981E51 /* MyWODLogAppDelegate.m */; };
		1D60589B0D05DD56006BFB54 /* main.m in Sources */ = {isa = PBXBuildFile; fileRef = 29B97316FDCFA39411CA2CEA /* main.m */; };
		1D60589F0D05DD5A006BFB54 /* Foundation.framework in Frameworks */ = {isa = PBXBuildFile; fileRef = 1D30AB110D05D00D00671497 /* Foundation.framework */; };
		1DF5F4E00D08C38300B7A737 /* UIKit.framework in Frameworks */ = {isa = PBXBuildFile; fileRef = 1DF5F4DF0D08C38300B7A737 /* UIKit.framework */; };
		288765FD0DF74451002DB57D /* CoreGraphics.framework in Frameworks */ = {isa = PBXBuildFile; fileRef = 288765FC0DF74451002DB57D /* CoreGraphics.framework */; };
		28AD733F0D9D9553002E5188 /* MainWindow.xib in Resources */ = {isa = PBXBuildFile; fileRef = 28AD733E0D9D9553002E5188 /* MainWindow.xib */; };
		3418760F12F22C6D003E97B4 /* MyWODLog.xcdatamodel in Sources */ = {isa = PBXBuildFile; fileRef = 3418760E12F22C6D003E97B4 /* MyWODLog.xcdatamodel */; };
		341ACABB1317656E00E369D2 /* EXERCISE.m in Sources */ = {isa = PBXBuildFile; fileRef = 341ACABA1317656E00E369D2 /* EXERCISE.m */; };
		34807F2512E7BB0900885EBB /* CreateWODViewController.m in Sources */ = {isa = PBXBuildFile; fileRef = 34807F2312E7BB0900885EBB /* CreateWODViewController.m */; };
		34807F2612E7BB0900885EBB /* CreateWODViewController.xib in Resources */ = {isa = PBXBuildFile; fileRef = 34807F2412E7BB0900885EBB /* CreateWODViewController.xib */; };
		34957627130DF12400895074 /* ViewExerciseModesViewController.m in Sources */ = {isa = PBXBuildFile; fileRef = 34957625130DF12400895074 /* ViewExerciseModesViewController.m */; };
		34957628130DF12400895074 /* ViewExerciseModesViewController.xib in Resources */ = {isa = PBXBuildFile; fileRef = 34957626130DF12400895074 /* ViewExerciseModesViewController.xib */; };
		349D34B212EAAA4200419F93 /* ViewScoresViewController.m in Sources */ = {isa = PBXBuildFile; fileRef = 349D34B012EAAA4200419F93 /* ViewScoresViewController.m */; };
		349D34B312EAAA4200419F93 /* ViewScoresViewController.xib in Resources */ = {isa = PBXBuildFile; fileRef = 349D34B112EAAA4200419F93 /* ViewScoresViewController.xib */; };
		349D34C012EAAE3300419F93 /* ScoresViewController.m in Sources */ = {isa = PBXBuildFile; fileRef = 349D34BE12EAAE3300419F93 /* ScoresViewController.m */; };
		349D34C112EAAE3300419F93 /* ScoresViewController.xib in Resources */ = {isa = PBXBuildFile; fileRef = 349D34BF12EAAE3300419F93 /* ScoresViewController.xib */; };
		34C0620B12ECA1B100049AFC /* ViewWODViewController.m in Sources */ = {isa = PBXBuildFile; fileRef = 34C0620912ECA1B100049AFC /* ViewWODViewController.m */; };
		34C0620C12ECA1B100049AFC /* ViewWODViewController.xib in Resources */ = {isa = PBXBuildFile; fileRef = 34C0620A12ECA1B100049AFC /* ViewWODViewController.xib */; };
		34C28D6D130F728C00FB7C61 /* MODE.m in Sources */ = {isa = PBXBuildFile; fileRef = 34C28D6C130F728C00FB7C61 /* MODE.m */; };
		34C28DA4130F789200FB7C61 /* CreateExerciseModeViewController.m in Sources */ = {isa = PBXBuildFile; fileRef = 34C28DA2130F789200FB7C61 /* CreateExerciseModeViewController.m */; };
		34C28DA5130F789200FB7C61 /* CreateExerciseModeViewController.xib in Resources */ = {isa = PBXBuildFile; fileRef = 34C28DA3130F789200FB7C61 /* CreateExerciseModeViewController.xib */; };
		34C68BB51315A92700023704 /* CreateExerciseViewController.m in Sources */ = {isa = PBXBuildFile; fileRef = 34C68BB31315A92700023704 /* CreateExerciseViewController.m */; };
		34C68BB61315A92800023704 /* CreateExerciseViewController.xib in Resources */ = {isa = PBXBuildFile; fileRef = 34C68BB41315A92700023704 /* CreateExerciseViewController.xib */; };
		34C68BBC1315A9DD00023704 /* ViewExercisesViewController.m in Sources */ = {isa = PBXBuildFile; fileRef = 34C68BBA1315A9DD00023704 /* ViewExercisesViewController.m */; };
		34C68BBD1315A9DD00023704 /* ViewExercisesViewController.xib in Resources */ = {isa = PBXBuildFile; fileRef = 34C68BBB1315A9DD00023704 /* ViewExercisesViewController.xib */; };
		34F60F6312ED4D05004186AF /* LogScoreViewController.m in Sources */ = {isa = PBXBuildFile; fileRef = 34F60F6112ED4D05004186AF /* LogScoreViewController.m */; };
		34F60F6412ED4D05004186AF /* LogScoreViewController.xib in Resources */ = {isa = PBXBuildFile; fileRef = 34F60F6212ED4D05004186AF /* LogScoreViewController.xib */; };
		65AA36E812F4DE8E00907DE3 /* CoreData.framework in Frameworks */ = {isa = PBXBuildFile; fileRef = 65AA36E712F4DE8E00907DE3 /* CoreData.framework */; };
		65AA386012F5151800907DE3 /* WOD.m in Sources */ = {isa = PBXBuildFile; fileRef = 65AA385F12F5151800907DE3 /* WOD.m */; };
		65F474091298A1B000E58B04 /* MainPageViewController.m in Sources */ = {isa = PBXBuildFile; fileRef = 65F474071298A1B000E58B04 /* MainPageViewController.m */; };
		65F4740A1298A1B000E58B04 /* MainPageViewController.xib in Resources */ = {isa = PBXBuildFile; fileRef = 65F474081298A1B000E58B04 /* MainPageViewController.xib */; };
		65FF40B112E3DEA700DF2F2A /* WODListViewController.m in Sources */ = {isa = PBXBuildFile; fileRef = 65FF40B012E3DEA700DF2F2A /* WODListViewController.m */; };
/* End PBXBuildFile section */

/* Begin PBXFileReference section */
		1D30AB110D05D00D00671497 /* Foundation.framework */ = {isa = PBXFileReference; lastKnownFileType = wrapper.framework; name = Foundation.framework; path = System/Library/Frameworks/Foundation.framework; sourceTree = SDKROOT; };
		1D3623240D0F684500981E51 /* MyWODLogAppDelegate.h */ = {isa = PBXFileReference; fileEncoding = 4; lastKnownFileType = sourcecode.c.h; path = MyWODLogAppDelegate.h; sourceTree = "<group>"; };
		1D3623250D0F684500981E51 /* MyWODLogAppDelegate.m */ = {isa = PBXFileReference; fileEncoding = 4; lastKnownFileType = sourcecode.c.objc; path = MyWODLogAppDelegate.m; sourceTree = "<group>"; };
		1D6058910D05DD3D006BFB54 /* MyWODLog.app */ = {isa = PBXFileReference; explicitFileType = wrapper.application; includeInIndex = 0; path = MyWODLog.app; sourceTree = BUILT_PRODUCTS_DIR; };
		1DF5F4DF0D08C38300B7A737 /* UIKit.framework */ = {isa = PBXFileReference; lastKnownFileType = wrapper.framework; name = UIKit.framework; path = System/Library/Frameworks/UIKit.framework; sourceTree = SDKROOT; };
		288765FC0DF74451002DB57D /* CoreGraphics.framework */ = {isa = PBXFileReference; lastKnownFileType = wrapper.framework; name = CoreGraphics.framework; path = System/Library/Frameworks/CoreGraphics.framework; sourceTree = SDKROOT; };
		28AD733E0D9D9553002E5188 /* MainWindow.xib */ = {isa = PBXFileReference; lastKnownFileType = file.xib; name = MainWindow.xib; path = ../MainWindow.xib; sourceTree = "<group>"; };
		29B97316FDCFA39411CA2CEA /* main.m */ = {isa = PBXFileReference; fileEncoding = 4; lastKnownFileType = sourcecode.c.objc; path = main.m; sourceTree = "<group>"; };
		32CA4F630368D1EE00C91783 /* MyWODLog_Prefix.pch */ = {isa = PBXFileReference; fileEncoding = 4; lastKnownFileType = sourcecode.c.h; path = MyWODLog_Prefix.pch; sourceTree = "<group>"; };
		3418760E12F22C6D003E97B4 /* MyWODLog.xcdatamodel */ = {isa = PBXFileReference; fileEncoding = 4; lastKnownFileType = wrapper.xcdatamodel; name = MyWODLog.xcdatamodel; path = Classes/MyWODLog.xcdatamodel; sourceTree = "<group>"; };
		341ACAB91317656E00E369D2 /* EXERCISE.h */ = {isa = PBXFileReference; fileEncoding = 4; lastKnownFileType = sourcecode.c.h; name = EXERCISE.h; path = DataClasses/EXERCISE.h; sourceTree = "<group>"; };
		341ACABA1317656E00E369D2 /* EXERCISE.m */ = {isa = PBXFileReference; fileEncoding = 4; lastKnownFileType = sourcecode.c.objc; name = EXERCISE.m; path = DataClasses/EXERCISE.m; sourceTree = "<group>"; };
		34807F2212E7BB0900885EBB /* CreateWODViewController.h */ = {isa = PBXFileReference; fileEncoding = 4; lastKnownFileType = sourcecode.c.h; name = CreateWODViewController.h; path = Classes/CreateWODViewController.h; sourceTree = "<group>"; };
		34807F2312E7BB0900885EBB /* CreateWODViewController.m */ = {isa = PBXFileReference; fileEncoding = 4; lastKnownFileType = sourcecode.c.objc; name = CreateWODViewController.m; path = Classes/CreateWODViewController.m; sourceTree = "<group>"; };
		34807F2412E7BB0900885EBB /* CreateWODViewController.xib */ = {isa = PBXFileReference; lastKnownFileType = file.xib; name = CreateWODViewController.xib; path = Classes/CreateWODViewController.xib; sourceTree = "<group>"; };
		34957624130DF12400895074 /* ViewExerciseModesViewController.h */ = {isa = PBXFileReference; fileEncoding = 4; lastKnownFileType = sourcecode.c.h; name = ViewExerciseModesViewController.h; path = Classes/ViewExerciseModesViewController.h; sourceTree = "<group>"; };
		34957625130DF12400895074 /* ViewExerciseModesViewController.m */ = {isa = PBXFileReference; fileEncoding = 4; lastKnownFileType = sourcecode.c.objc; name = ViewExerciseModesViewController.m; path = Classes/ViewExerciseModesViewController.m; sourceTree = "<group>"; };
		34957626130DF12400895074 /* ViewExerciseModesViewController.xib */ = {isa = PBXFileReference; lastKnownFileType = file.xib; name = ViewExerciseModesViewController.xib; path = Classes/ViewExerciseModesViewController.xib; sourceTree = "<group>"; };
		349D34AF12EAAA4200419F93 /* ViewScoresViewController.h */ = {isa = PBXFileReference; fileEncoding = 4; lastKnownFileType = sourcecode.c.h; name = ViewScoresViewController.h; path = Classes/ViewScoresViewController.h; sourceTree = "<group>"; };
		349D34B012EAAA4200419F93 /* ViewScoresViewController.m */ = {isa = PBXFileReference; fileEncoding = 4; lastKnownFileType = sourcecode.c.objc; name = ViewScoresViewController.m; path = Classes/ViewScoresViewController.m; sourceTree = "<group>"; };
		349D34B112EAAA4200419F93 /* ViewScoresViewController.xib */ = {isa = PBXFileReference; lastKnownFileType = file.xib; name = ViewScoresViewController.xib; path = Classes/ViewScoresViewController.xib; sourceTree = "<group>"; };
		349D34BD12EAAE3300419F93 /* ScoresViewController.h */ = {isa = PBXFileReference; fileEncoding = 4; lastKnownFileType = sourcecode.c.h; name = ScoresViewController.h; path = Classes/ScoresViewController.h; sourceTree = "<group>"; };
		349D34BE12EAAE3300419F93 /* ScoresViewController.m */ = {isa = PBXFileReference; fileEncoding = 4; lastKnownFileType = sourcecode.c.objc; name = ScoresViewController.m; path = Classes/ScoresViewController.m; sourceTree = "<group>"; };
		349D34BF12EAAE3300419F93 /* ScoresViewController.xib */ = {isa = PBXFileReference; lastKnownFileType = file.xib; name = ScoresViewController.xib; path = Classes/ScoresViewController.xib; sourceTree = "<group>"; };
		34C0620812ECA1B100049AFC /* ViewWODViewController.h */ = {isa = PBXFileReference; fileEncoding = 4; lastKnownFileType = sourcecode.c.h; name = ViewWODViewController.h; path = Classes/ViewWODViewController.h; sourceTree = "<group>"; };
		34C0620912ECA1B100049AFC /* ViewWODViewController.m */ = {isa = PBXFileReference; fileEncoding = 4; lastKnownFileType = sourcecode.c.objc; name = ViewWODViewController.m; path = Classes/ViewWODViewController.m; sourceTree = "<group>"; };
		34C0620A12ECA1B100049AFC /* ViewWODViewController.xib */ = {isa = PBXFileReference; lastKnownFileType = file.xib; name = ViewWODViewController.xib; path = Classes/ViewWODViewController.xib; sourceTree = "<group>"; };
		34C28D6B130F728C00FB7C61 /* MODE.h */ = {isa = PBXFileReference; fileEncoding = 4; lastKnownFileType = sourcecode.c.h; name = MODE.h; path = DataClasses/MODE.h; sourceTree = "<group>"; };
		34C28D6C130F728C00FB7C61 /* MODE.m */ = {isa = PBXFileReference; fileEncoding = 4; lastKnownFileType = sourcecode.c.objc; name = MODE.m; path = DataClasses/MODE.m; sourceTree = "<group>"; };
		34C28DA1130F789200FB7C61 /* CreateExerciseModeViewController.h */ = {isa = PBXFileReference; fileEncoding = 4; lastKnownFileType = sourcecode.c.h; name = CreateExerciseModeViewController.h; path = Classes/CreateExerciseModeViewController.h; sourceTree = "<group>"; };
		34C28DA2130F789200FB7C61 /* CreateExerciseModeViewController.m */ = {isa = PBXFileReference; fileEncoding = 4; lastKnownFileType = sourcecode.c.objc; name = CreateExerciseModeViewController.m; path = Classes/CreateExerciseModeViewController.m; sourceTree = "<group>"; };
		34C28DA3130F789200FB7C61 /* CreateExerciseModeViewController.xib */ = {isa = PBXFileReference; lastKnownFileType = file.xib; name = CreateExerciseModeViewController.xib; path = Classes/CreateExerciseModeViewController.xib; sourceTree = "<group>"; };
		34C68BB21315A92700023704 /* CreateExerciseViewController.h */ = {isa = PBXFileReference; fileEncoding = 4; lastKnownFileType = sourcecode.c.h; name = CreateExerciseViewController.h; path = Classes/CreateExerciseViewController.h; sourceTree = "<group>"; };
		34C68BB31315A92700023704 /* CreateExerciseViewController.m */ = {isa = PBXFileReference; fileEncoding = 4; lastKnownFileType = sourcecode.c.objc; name = CreateExerciseViewController.m; path = Classes/CreateExerciseViewController.m; sourceTree = "<group>"; };
		34C68BB41315A92700023704 /* CreateExerciseViewController.xib */ = {isa = PBXFileReference; lastKnownFileType = file.xib; name = CreateExerciseViewController.xib; path = Classes/CreateExerciseViewController.xib; sourceTree = "<group>"; };
		34C68BB91315A9DD00023704 /* ViewExercisesViewController.h */ = {isa = PBXFileReference; fileEncoding = 4; lastKnownFileType = sourcecode.c.h; name = ViewExercisesViewController.h; path = Classes/ViewExercisesViewController.h; sourceTree = "<group>"; };
		34C68BBA1315A9DD00023704 /* ViewExercisesViewController.m */ = {isa = PBXFileReference; fileEncoding = 4; lastKnownFileType = sourcecode.c.objc; name = ViewExercisesViewController.m; path = Classes/ViewExercisesViewController.m; sourceTree = "<group>"; };
		34C68BBB1315A9DD00023704 /* ViewExercisesViewController.xib */ = {isa = PBXFileReference; lastKnownFileType = file.xib; name = ViewExercisesViewController.xib; path = Classes/ViewExercisesViewController.xib; sourceTree = "<group>"; };
		34F60F6012ED4D05004186AF /* LogScoreViewController.h */ = {isa = PBXFileReference; fileEncoding = 4; lastKnownFileType = sourcecode.c.h; name = LogScoreViewController.h; path = Classes/LogScoreViewController.h; sourceTree = "<group>"; };
		34F60F6112ED4D05004186AF /* LogScoreViewController.m */ = {isa = PBXFileReference; fileEncoding = 4; lastKnownFileType = sourcecode.c.objc; name = LogScoreViewController.m; path = Classes/LogScoreViewController.m; sourceTree = "<group>"; };
		34F60F6212ED4D05004186AF /* LogScoreViewController.xib */ = {isa = PBXFileReference; lastKnownFileType = file.xib; name = LogScoreViewController.xib; path = Classes/LogScoreViewController.xib; sourceTree = "<group>"; };
		65AA36E712F4DE8E00907DE3 /* CoreData.framework */ = {isa = PBXFileReference; lastKnownFileType = wrapper.framework; name = CoreData.framework; path = System/Library/Frameworks/CoreData.framework; sourceTree = SDKROOT; };
		65AA385E12F5151800907DE3 /* WOD.h */ = {isa = PBXFileReference; fileEncoding = 4; lastKnownFileType = sourcecode.c.h; path = WOD.h; sourceTree = "<group>"; };
		65AA385F12F5151800907DE3 /* WOD.m */ = {isa = PBXFileReference; fileEncoding = 4; lastKnownFileType = sourcecode.c.objc; path = WOD.m; sourceTree = "<group>"; };
		65F474061298A1B000E58B04 /* MainPageViewController.h */ = {isa = PBXFileReference; fileEncoding = 4; lastKnownFileType = sourcecode.c.h; name = MainPageViewController.h; path = Classes/MainPageViewController.h; sourceTree = "<group>"; };
		65F474071298A1B000E58B04 /* MainPageViewController.m */ = {isa = PBXFileReference; fileEncoding = 4; lastKnownFileType = sourcecode.c.objc; name = MainPageViewController.m; path = Classes/MainPageViewController.m; sourceTree = "<group>"; };
		65F474081298A1B000E58B04 /* MainPageViewController.xib */ = {isa = PBXFileReference; lastKnownFileType = file.xib; name = MainPageViewController.xib; path = Classes/MainPageViewController.xib; sourceTree = "<group>"; };
		65FF40AF12E3DEA700DF2F2A /* WODListViewController.h */ = {isa = PBXFileReference; fileEncoding = 4; lastKnownFileType = sourcecode.c.h; name = WODListViewController.h; path = Classes/WODListViewController.h; sourceTree = "<group>"; };
		65FF40B012E3DEA700DF2F2A /* WODListViewController.m */ = {isa = PBXFileReference; fileEncoding = 4; lastKnownFileType = sourcecode.c.objc; name = WODListViewController.m; path = Classes/WODListViewController.m; sourceTree = "<group>"; };
		8D1107310486CEB800E47090 /* MyWODLog-Info.plist */ = {isa = PBXFileReference; fileEncoding = 4; lastKnownFileType = text.plist.xml; path = "MyWODLog-Info.plist"; plistStructureDefinitionIdentifier = "com.apple.xcode.plist.structure-definition.iphone.info-plist"; sourceTree = "<group>"; };
/* End PBXFileReference section */

/* Begin PBXFrameworksBuildPhase section */
		1D60588F0D05DD3D006BFB54 /* Frameworks */ = {
			isa = PBXFrameworksBuildPhase;
			buildActionMask = 2147483647;
			files = (
				1D60589F0D05DD5A006BFB54 /* Foundation.framework in Frameworks */,
				1DF5F4E00D08C38300B7A737 /* UIKit.framework in Frameworks */,
				288765FD0DF74451002DB57D /* CoreGraphics.framework in Frameworks */,
				65AA36E812F4DE8E00907DE3 /* CoreData.framework in Frameworks */,
			);
			runOnlyForDeploymentPostprocessing = 0;
		};
/* End PBXFrameworksBuildPhase section */

/* Begin PBXGroup section */
		080E96DDFE201D6D7F000001 /* Classes */ = {
			isa = PBXGroup;
			children = (
				1D3623240D0F684500981E51 /* MyWODLogAppDelegate.h */,
				1D3623250D0F684500981E51 /* MyWODLogAppDelegate.m */,
				28AD733E0D9D9553002E5188 /* MainWindow.xib */,
			);
			path = Classes;
			sourceTree = "<group>";
		};
		19C28FACFE9D520D11CA2CBB /* Products */ = {
			isa = PBXGroup;
			children = (
				1D6058910D05DD3D006BFB54 /* MyWODLog.app */,
			);
			name = Products;
			sourceTree = "<group>";
		};
		29B97314FDCFA39411CA2CEA /* CustomTemplate */ = {
			isa = PBXGroup;
			children = (
				34CD239412F2640D002A8DC0 /* Pages */,
				080E96DDFE201D6D7F000001 /* Classes */,
				29B97315FDCFA39411CA2CEA /* Other Sources */,
				29B97317FDCFA39411CA2CEA /* Resources */,
				29B97323FDCFA39411CA2CEA /* Frameworks */,
				19C28FACFE9D520D11CA2CBB /* Products */,
			);
			name = CustomTemplate;
			sourceTree = "<group>";
		};
		29B97315FDCFA39411CA2CEA /* Other Sources */ = {
			isa = PBXGroup;
			children = (
				32CA4F630368D1EE00C91783 /* MyWODLog_Prefix.pch */,
				29B97316FDCFA39411CA2CEA /* main.m */,
			);
			name = "Other Sources";
			sourceTree = "<group>";
		};
		29B97317FDCFA39411CA2CEA /* Resources */ = {
			isa = PBXGroup;
			children = (
				34C28D76130F729A00FB7C61 /* CoreData Classes */,
				3418760E12F22C6D003E97B4 /* MyWODLog.xcdatamodel */,
				8D1107310486CEB800E47090 /* MyWODLog-Info.plist */,
			);
			name = Resources;
			sourceTree = "<group>";
		};
		29B97323FDCFA39411CA2CEA /* Frameworks */ = {
			isa = PBXGroup;
			children = (
				65AA36E712F4DE8E00907DE3 /* CoreData.framework */,
				1DF5F4DF0D08C38300B7A737 /* UIKit.framework */,
				1D30AB110D05D00D00671497 /* Foundation.framework */,
				288765FC0DF74451002DB57D /* CoreGraphics.framework */,
			);
			name = Frameworks;
			sourceTree = "<group>";
		};
		344B3719130DDF8000670EBE /* View Exercise Modes Page */ = {
			isa = PBXGroup;
			children = (
				34957624130DF12400895074 /* ViewExerciseModesViewController.h */,
				34957625130DF12400895074 /* ViewExerciseModesViewController.m */,
				34957626130DF12400895074 /* ViewExerciseModesViewController.xib */,
			);
			name = "View Exercise Modes Page";
			sourceTree = "<group>";
		};
		34BAF9BD1314B8A40042DB88 /* View Exercises Page */ = {
			isa = PBXGroup;
			children = (
				34C68BB91315A9DD00023704 /* ViewExercisesViewController.h */,
				34C68BBA1315A9DD00023704 /* ViewExercisesViewController.m */,
				34C68BBB1315A9DD00023704 /* ViewExercisesViewController.xib */,
			);
			name = "View Exercises Page";
			sourceTree = "<group>";
		};
		34BAF9BE1314B8B70042DB88 /* Create Exercise Page */ = {
			isa = PBXGroup;
			children = (
				34C68BB21315A92700023704 /* CreateExerciseViewController.h */,
				34C68BB31315A92700023704 /* CreateExerciseViewController.m */,
				34C68BB41315A92700023704 /* CreateExerciseViewController.xib */,
			);
			name = "Create Exercise Page";
			sourceTree = "<group>";
		};
		34C28D76130F729A00FB7C61 /* CoreData Classes */ = {
			isa = PBXGroup;
			children = (
				34C28D6B130F728C00FB7C61 /* MODE.h */,
				34C28D6C130F728C00FB7C61 /* MODE.m */,
				65AA385E12F5151800907DE3 /* WOD.h */,
				65AA385F12F5151800907DE3 /* WOD.m */,
				341ACAB91317656E00E369D2 /* EXERCISE.h */,
				341ACABA1317656E00E369D2 /* EXERCISE.m */,
			);
			name = "CoreData Classes";
			sourceTree = "<group>";
		};
		34C28D91130F77C400FB7C61 /* Create Exercise Mode Page */ = {
			isa = PBXGroup;
			children = (
				34C28DA1130F789200FB7C61 /* CreateExerciseModeViewController.h */,
				34C28DA2130F789200FB7C61 /* CreateExerciseModeViewController.m */,
				34C28DA3130F789200FB7C61 /* CreateExerciseModeViewController.xib */,
			);
			name = "Create Exercise Mode Page";
			sourceTree = "<group>";
		};
		34C28D92130F77D600FB7C61 /* Exercises */ = {
			isa = PBXGroup;
			children = (
				34BAF9BE1314B8B70042DB88 /* Create Exercise Page */,
				34BAF9BD1314B8A40042DB88 /* View Exercises Page */,
				34C28D91130F77C400FB7C61 /* Create Exercise Mode Page */,
				344B3719130DDF8000670EBE /* View Exercise Modes Page */,
			);
			name = Exercises;
			sourceTree = "<group>";
		};
		34CD237712F26266002A8DC0 /* WOD List Page */ = {
			isa = PBXGroup;
			children = (
				65FF40AF12E3DEA700DF2F2A /* WODListViewController.h */,
				65FF40B012E3DEA700DF2F2A /* WODListViewController.m */,
			);
			name = "WOD List Page";
			sourceTree = "<group>";
		};
		34CD237812F26297002A8DC0 /* Log Score Page */ = {
			isa = PBXGroup;
			children = (
				34F60F6012ED4D05004186AF /* LogScoreViewController.h */,
				34F60F6112ED4D05004186AF /* LogScoreViewController.m */,
				34F60F6212ED4D05004186AF /* LogScoreViewController.xib */,
			);
			name = "Log Score Page";
			sourceTree = "<group>";
		};
		34CD237912F262AE002A8DC0 /* View WOD Page */ = {
			isa = PBXGroup;
			children = (
				34C0620812ECA1B100049AFC /* ViewWODViewController.h */,
				34C0620912ECA1B100049AFC /* ViewWODViewController.m */,
				34C0620A12ECA1B100049AFC /* ViewWODViewController.xib */,
			);
			name = "View WOD Page";
			sourceTree = "<group>";
		};
		34CD237A12F262D0002A8DC0 /* Create WOD Page */ = {
			isa = PBXGroup;
			children = (
				34807F2212E7BB0900885EBB /* CreateWODViewController.h */,
				34807F2312E7BB0900885EBB /* CreateWODViewController.m */,
				34807F2412E7BB0900885EBB /* CreateWODViewController.xib */,
			);
			name = "Create WOD Page";
			sourceTree = "<group>";
		};
		34CD237B12F262E3002A8DC0 /* Scores Page */ = {
			isa = PBXGroup;
			children = (
				349D34BD12EAAE3300419F93 /* ScoresViewController.h */,
				349D34BE12EAAE3300419F93 /* ScoresViewController.m */,
				349D34BF12EAAE3300419F93 /* ScoresViewController.xib */,
			);
			name = "Scores Page";
			sourceTree = "<group>";
		};
		34CD237C12F26300002A8DC0 /* View Scores Page */ = {
			isa = PBXGroup;
			children = (
				349D34AF12EAAA4200419F93 /* ViewScoresViewController.h */,
				349D34B012EAAA4200419F93 /* ViewScoresViewController.m */,
				349D34B112EAAA4200419F93 /* ViewScoresViewController.xib */,
			);
			name = "View Scores Page";
			sourceTree = "<group>";
		};
		34CD237D12F26316002A8DC0 /* Main Page */ = {
			isa = PBXGroup;
			children = (
				65F474061298A1B000E58B04 /* MainPageViewController.h */,
				65F474071298A1B000E58B04 /* MainPageViewController.m */,
				65F474081298A1B000E58B04 /* MainPageViewController.xib */,
			);
			name = "Main Page";
			sourceTree = "<group>";
		};
		34CD239412F2640D002A8DC0 /* Pages */ = {
			isa = PBXGroup;
			children = (
				34C28D92130F77D600FB7C61 /* Exercises */,
				34CD237D12F26316002A8DC0 /* Main Page */,
				34CD237C12F26300002A8DC0 /* View Scores Page */,
				34CD237B12F262E3002A8DC0 /* Scores Page */,
				34CD237A12F262D0002A8DC0 /* Create WOD Page */,
				34CD237912F262AE002A8DC0 /* View WOD Page */,
				34CD237812F26297002A8DC0 /* Log Score Page */,
				34CD237712F26266002A8DC0 /* WOD List Page */,
			);
			name = Pages;
			sourceTree = "<group>";
		};
/* End PBXGroup section */

/* Begin PBXNativeTarget section */
		1D6058900D05DD3D006BFB54 /* MyWODLog */ = {
			isa = PBXNativeTarget;
			buildConfigurationList = 1D6058960D05DD3E006BFB54 /* Build configuration list for PBXNativeTarget "MyWODLog" */;
			buildPhases = (
				1D60588D0D05DD3D006BFB54 /* Resources */,
				1D60588E0D05DD3D006BFB54 /* Sources */,
				1D60588F0D05DD3D006BFB54 /* Frameworks */,
			);
			buildRules = (
			);
			dependencies = (
			);
			name = MyWODLog;
			productName = MyWODLog;
			productReference = 1D6058910D05DD3D006BFB54 /* MyWODLog.app */;
			productType = "com.apple.product-type.application";
		};
/* End PBXNativeTarget section */

/* Begin PBXProject section */
		29B97313FDCFA39411CA2CEA /* Project object */ = {
			isa = PBXProject;
			buildConfigurationList = C01FCF4E08A954540054247B /* Build configuration list for PBXProject "MyWODLog" */;
			compatibilityVersion = "Xcode 3.1";
			developmentRegion = English;
			hasScannedForEncodings = 1;
			knownRegions = (
				English,
				Japanese,
				French,
				German,
			);
			mainGroup = 29B97314FDCFA39411CA2CEA /* CustomTemplate */;
			projectDirPath = "";
			projectRoot = "";
			targets = (
				1D6058900D05DD3D006BFB54 /* MyWODLog */,
			);
		};
/* End PBXProject section */

/* Begin PBXResourcesBuildPhase section */
		1D60588D0D05DD3D006BFB54 /* Resources */ = {
			isa = PBXResourcesBuildPhase;
			buildActionMask = 2147483647;
			files = (
				28AD733F0D9D9553002E5188 /* MainWindow.xib in Resources */,
				65F4740A1298A1B000E58B04 /* MainPageViewController.xib in Resources */,
				34807F2612E7BB0900885EBB /* CreateWODViewController.xib in Resources */,
				349D34B312EAAA4200419F93 /* ViewScoresViewController.xib in Resources */,
				349D34C112EAAE3300419F93 /* ScoresViewController.xib in Resources */,
				34C0620C12ECA1B100049AFC /* ViewWODViewController.xib in Resources */,
				34F60F6412ED4D05004186AF /* LogScoreViewController.xib in Resources */,
				34957628130DF12400895074 /* ViewExerciseModesViewController.xib in Resources */,
				34C28DA5130F789200FB7C61 /* CreateExerciseModeViewController.xib in Resources */,
				34C68BB61315A92800023704 /* CreateExerciseViewController.xib in Resources */,
				34C68BBD1315A9DD00023704 /* ViewExercisesViewController.xib in Resources */,
			);
			runOnlyForDeploymentPostprocessing = 0;
		};
/* End PBXResourcesBuildPhase section */

/* Begin PBXSourcesBuildPhase section */
		1D60588E0D05DD3D006BFB54 /* Sources */ = {
			isa = PBXSourcesBuildPhase;
			buildActionMask = 2147483647;
			files = (
				1D60589B0D05DD56006BFB54 /* main.m in Sources */,
				1D3623260D0F684500981E51 /* MyWODLogAppDelegate.m in Sources */,
				65F474091298A1B000E58B04 /* MainPageViewController.m in Sources */,
				65FF40B112E3DEA700DF2F2A /* WODListViewController.m in Sources */,
				34807F2512E7BB0900885EBB /* CreateWODViewController.m in Sources */,
				349D34B212EAAA4200419F93 /* ViewScoresViewController.m in Sources */,
				349D34C012EAAE3300419F93 /* ScoresViewController.m in Sources */,
				34C0620B12ECA1B100049AFC /* ViewWODViewController.m in Sources */,
				34F60F6312ED4D05004186AF /* LogScoreViewController.m in Sources */,
				3418760F12F22C6D003E97B4 /* MyWODLog.xcdatamodel in Sources */,
				65AA386012F5151800907DE3 /* WOD.m in Sources */,
				34957627130DF12400895074 /* ViewExerciseModesViewController.m in Sources */,
				34C28D6D130F728C00FB7C61 /* MODE.m in Sources */,
				34C28DA4130F789200FB7C61 /* CreateExerciseModeViewController.m in Sources */,
				34C68BB51315A92700023704 /* CreateExerciseViewController.m in Sources */,
				34C68BBC1315A9DD00023704 /* ViewExercisesViewController.m in Sources */,
				341ACABB1317656E00E369D2 /* EXERCISE.m in Sources */,
			);
			runOnlyForDeploymentPostprocessing = 0;
		};
/* End PBXSourcesBuildPhase section */

/* Begin XCBuildConfiguration section */
		1D6058940D05DD3E006BFB54 /* Debug */ = {
			isa = XCBuildConfiguration;
			buildSettings = {
				ALWAYS_SEARCH_USER_PATHS = NO;
				COPY_PHASE_STRIP = NO;
				GCC_DYNAMIC_NO_PIC = NO;
				GCC_OPTIMIZATION_LEVEL = 0;
				GCC_PRECOMPILE_PREFIX_HEADER = YES;
				GCC_PREFIX_HEADER = MyWODLog_Prefix.pch;
				INFOPLIST_FILE = "MyWODLog-Info.plist";
				PRODUCT_NAME = MyWODLog;
			};
			name = Debug;
		};
		1D6058950D05DD3E006BFB54 /* Release */ = {
			isa = XCBuildConfiguration;
			buildSettings = {
				ALWAYS_SEARCH_USER_PATHS = NO;
				COPY_PHASE_STRIP = YES;
				GCC_PRECOMPILE_PREFIX_HEADER = YES;
				GCC_PREFIX_HEADER = MyWODLog_Prefix.pch;
				INFOPLIST_FILE = "MyWODLog-Info.plist";
				PRODUCT_NAME = MyWODLog;
				VALIDATE_PRODUCT = YES;
			};
			name = Release;
		};
		C01FCF4F08A954540054247B /* Debug */ = {
			isa = XCBuildConfiguration;
			buildSettings = {
				ARCHS = "$(ARCHS_STANDARD_32_BIT)";
				"CODE_SIGN_IDENTITY[sdk=iphoneos*]" = "iPhone Developer";
				GCC_C_LANGUAGE_STANDARD = c99;
				GCC_WARN_ABOUT_RETURN_TYPE = YES;
				GCC_WARN_UNUSED_VARIABLE = YES;
				PREBINDING = NO;
				SDKROOT = iphoneos4.2;
			};
			name = Debug;
		};
		C01FCF5008A954540054247B /* Release */ = {
			isa = XCBuildConfiguration;
			buildSettings = {
				ARCHS = "$(ARCHS_STANDARD_32_BIT)";
				"CODE_SIGN_IDENTITY[sdk=iphoneos*]" = "iPhone Developer";
				GCC_C_LANGUAGE_STANDARD = c99;
				GCC_WARN_ABOUT_RETURN_TYPE = YES;
				GCC_WARN_UNUSED_VARIABLE = YES;
				OTHER_CFLAGS = "-DNS_BLOCK_ASSERTIONS=1";
				PREBINDING = NO;
				SDKROOT = iphoneos4.1;
			};
			name = Release;
		};
/* End XCBuildConfiguration section */

/* Begin XCConfigurationList section */
		1D6058960D05DD3E006BFB54 /* Build configuration list for PBXNativeTarget "MyWODLog" */ = {
			isa = XCConfigurationList;
			buildConfigurations = (
				1D6058940D05DD3E006BFB54 /* Debug */,
				1D6058950D05DD3E006BFB54 /* Release */,
			);
			defaultConfigurationIsVisible = 0;
			defaultConfigurationName = Release;
		};
		C01FCF4E08A954540054247B /* Build configuration list for PBXProject "MyWODLog" */ = {
			isa = XCConfigurationList;
			buildConfigurations = (
				C01FCF4F08A954540054247B /* Debug */,
				C01FCF5008A954540054247B /* Release */,
			);
			defaultConfigurationIsVisible = 0;
			defaultConfigurationName = Release;
		};
/* End XCConfigurationList section */
	};
	rootObject = 29B97313FDCFA39411CA2CEA /* Project object */;
}
